// !$*UTF8*$!
{
	archiveVersion = 1;
	classes = {
	};
	objectVersion = 50;
	objects = {

/* Begin PBXBuildFile section */
		08668C5127AC72B400117B51 /* Spain Clock WatchKit App.app in Embed Watch Content */ = {isa = PBXBuildFile; fileRef = 08668C5027AC72B400117B51 /* Spain Clock WatchKit App.app */; settings = {ATTRIBUTES = (RemoveHeadersOnCopy, ); }; };
		08668C5727AC72B400117B51 /* Interface.storyboard in Resources */ = {isa = PBXBuildFile; fileRef = 08668C5527AC72B400117B51 /* Interface.storyboard */; };
		08668C5927AC72B900117B51 /* Assets.xcassets in Resources */ = {isa = PBXBuildFile; fileRef = 08668C5827AC72B900117B51 /* Assets.xcassets */; };
		08668C6027AC72B900117B51 /* Spain Clock WatchKit Extension.appex in Embed App Extensions */ = {isa = PBXBuildFile; fileRef = 08668C5F27AC72B900117B51 /* Spain Clock WatchKit Extension.appex */; settings = {ATTRIBUTES = (RemoveHeadersOnCopy, ); }; };
		08668C6527AC72B900117B51 /* InterfaceController.swift in Sources */ = {isa = PBXBuildFile; fileRef = 08668C6427AC72B900117B51 /* InterfaceController.swift */; };
		08668C6727AC72B900117B51 /* ExtensionDelegate.swift in Sources */ = {isa = PBXBuildFile; fileRef = 08668C6627AC72B900117B51 /* ExtensionDelegate.swift */; };
		08668C6927AC72BB00117B51 /* Assets.xcassets in Resources */ = {isa = PBXBuildFile; fileRef = 08668C6827AC72BB00117B51 /* Assets.xcassets */; };
/* End PBXBuildFile section */

/* Begin PBXContainerItemProxy section */
		08668C5227AC72B400117B51 /* PBXContainerItemProxy */ = {
			isa = PBXContainerItemProxy;
			containerPortal = 08668C4627AC72B300117B51 /* Project object */;
			proxyType = 1;
			remoteGlobalIDString = 08668C4F27AC72B400117B51;
			remoteInfo = "Spain Clock WatchKit App";
		};
		08668C6127AC72B900117B51 /* PBXContainerItemProxy */ = {
			isa = PBXContainerItemProxy;
			containerPortal = 08668C4627AC72B300117B51 /* Project object */;
			proxyType = 1;
			remoteGlobalIDString = 08668C5E27AC72B900117B51;
			remoteInfo = "Spain Clock WatchKit Extension";
		};
/* End PBXContainerItemProxy section */

/* Begin PBXCopyFilesBuildPhase section */
		08668C7027AC72BB00117B51 /* Embed App Extensions */ = {
			isa = PBXCopyFilesBuildPhase;
			buildActionMask = 2147483647;
			dstPath = "";
			dstSubfolderSpec = 13;
			files = (
				08668C6027AC72B900117B51 /* Spain Clock WatchKit Extension.appex in Embed App Extensions */,
			);
			name = "Embed App Extensions";
			runOnlyForDeploymentPostprocessing = 0;
		};
		08668C7427AC72BB00117B51 /* Embed Watch Content */ = {
			isa = PBXCopyFilesBuildPhase;
			buildActionMask = 2147483647;
			dstPath = "$(CONTENTS_FOLDER_PATH)/Watch";
			dstSubfolderSpec = 16;
			files = (
				08668C5127AC72B400117B51 /* Spain Clock WatchKit App.app in Embed Watch Content */,
			);
			name = "Embed Watch Content";
			runOnlyForDeploymentPostprocessing = 0;
		};
/* End PBXCopyFilesBuildPhase section */

/* Begin PBXFileReference section */
		08668C4C27AC72B400117B51 /* Spain Clock.app */ = {isa = PBXFileReference; explicitFileType = wrapper.application; includeInIndex = 0; path = "Spain Clock.app"; sourceTree = BUILT_PRODUCTS_DIR; };
		08668C5027AC72B400117B51 /* Spain Clock WatchKit App.app */ = {isa = PBXFileReference; explicitFileType = wrapper.application; includeInIndex = 0; path = "Spain Clock WatchKit App.app"; sourceTree = BUILT_PRODUCTS_DIR; };
		08668C5627AC72B400117B51 /* Base */ = {isa = PBXFileReference; lastKnownFileType = file.storyboard; name = Base; path = Base.lproj/Interface.storyboard; sourceTree = "<group>"; };
		08668C5827AC72B900117B51 /* Assets.xcassets */ = {isa = PBXFileReference; lastKnownFileType = folder.assetcatalog; path = Assets.xcassets; sourceTree = "<group>"; };
		08668C5A27AC72B900117B51 /* Info.plist */ = {isa = PBXFileReference; lastKnownFileType = text.plist.xml; path = Info.plist; sourceTree = "<group>"; };
		08668C5F27AC72B900117B51 /* Spain Clock WatchKit Extension.appex */ = {isa = PBXFileReference; explicitFileType = "wrapper.app-extension"; includeInIndex = 0; path = "Spain Clock WatchKit Extension.appex"; sourceTree = BUILT_PRODUCTS_DIR; };
		08668C6427AC72B900117B51 /* InterfaceController.swift */ = {isa = PBXFileReference; lastKnownFileType = sourcecode.swift; path = InterfaceController.swift; sourceTree = "<group>"; };
		08668C6627AC72B900117B51 /* ExtensionDelegate.swift */ = {isa = PBXFileReference; lastKnownFileType = sourcecode.swift; path = ExtensionDelegate.swift; sourceTree = "<group>"; };
		08668C6827AC72BB00117B51 /* Assets.xcassets */ = {isa = PBXFileReference; lastKnownFileType = folder.assetcatalog; path = Assets.xcassets; sourceTree = "<group>"; };
		08668C6A27AC72BB00117B51 /* Info.plist */ = {isa = PBXFileReference; lastKnownFileType = text.plist.xml; path = Info.plist; sourceTree = "<group>"; };
/* End PBXFileReference section */

/* Begin PBXFrameworksBuildPhase section */
		08668C5C27AC72B900117B51 /* Frameworks */ = {
			isa = PBXFrameworksBuildPhase;
			buildActionMask = 2147483647;
			files = (
			);
			runOnlyForDeploymentPostprocessing = 0;
		};
/* End PBXFrameworksBuildPhase section */

/* Begin PBXGroup section */
		08668C4527AC72B300117B51 = {
			isa = PBXGroup;
			children = (
				08668C5427AC72B400117B51 /* Spain Clock WatchKit App */,
				08668C6327AC72B900117B51 /* Spain Clock WatchKit Extension */,
				08668C4D27AC72B400117B51 /* Products */,
			);
			sourceTree = "<group>";
		};
		08668C4D27AC72B400117B51 /* Products */ = {
			isa = PBXGroup;
			children = (
				08668C4C27AC72B400117B51 /* Spain Clock.app */,
				08668C5027AC72B400117B51 /* Spain Clock WatchKit App.app */,
				08668C5F27AC72B900117B51 /* Spain Clock WatchKit Extension.appex */,
			);
			name = Products;
			sourceTree = "<group>";
		};
		08668C5427AC72B400117B51 /* Spain Clock WatchKit App */ = {
			isa = PBXGroup;
			children = (
				08668C5527AC72B400117B51 /* Interface.storyboard */,
				08668C5827AC72B900117B51 /* Assets.xcassets */,
				08668C5A27AC72B900117B51 /* Info.plist */,
			);
			path = "Spain Clock WatchKit App";
			sourceTree = "<group>";
		};
		08668C6327AC72B900117B51 /* Spain Clock WatchKit Extension */ = {
			isa = PBXGroup;
			children = (
				08668C6427AC72B900117B51 /* InterfaceController.swift */,
				08668C6627AC72B900117B51 /* ExtensionDelegate.swift */,
				08668C6827AC72BB00117B51 /* Assets.xcassets */,
				08668C6A27AC72BB00117B51 /* Info.plist */,
			);
			path = "Spain Clock WatchKit Extension";
			sourceTree = "<group>";
		};
/* End PBXGroup section */

/* Begin PBXNativeTarget section */
		08668C4B27AC72B400117B51 /* Spain Clock */ = {
			isa = PBXNativeTarget;
			buildConfigurationList = 08668C7527AC72BB00117B51 /* Build configuration list for PBXNativeTarget "Spain Clock" */;
			buildPhases = (
				08668C4A27AC72B400117B51 /* Resources */,
				08668C7427AC72BB00117B51 /* Embed Watch Content */,
			);
			buildRules = (
			);
			dependencies = (
				08668C5327AC72B400117B51 /* PBXTargetDependency */,
			);
			name = "Spain Clock";
			productName = "Spain Clock";
			productReference = 08668C4C27AC72B400117B51 /* Spain Clock.app */;
			productType = "com.apple.product-type.application.watchapp2-container";
		};
		08668C4F27AC72B400117B51 /* Spain Clock WatchKit App */ = {
			isa = PBXNativeTarget;
			buildConfigurationList = 08668C7127AC72BB00117B51 /* Build configuration list for PBXNativeTarget "Spain Clock WatchKit App" */;
			buildPhases = (
				08668C4E27AC72B400117B51 /* Resources */,
				08668C7027AC72BB00117B51 /* Embed App Extensions */,
			);
			buildRules = (
			);
			dependencies = (
				08668C6227AC72B900117B51 /* PBXTargetDependency */,
			);
			name = "Spain Clock WatchKit App";
			productName = "Spain Clock WatchKit App";
			productReference = 08668C5027AC72B400117B51 /* Spain Clock WatchKit App.app */;
			productType = "com.apple.product-type.application.watchapp2";
		};
		08668C5E27AC72B900117B51 /* Spain Clock WatchKit Extension */ = {
			isa = PBXNativeTarget;
			buildConfigurationList = 08668C6D27AC72BB00117B51 /* Build configuration list for PBXNativeTarget "Spain Clock WatchKit Extension" */;
			buildPhases = (
				08668C5B27AC72B900117B51 /* Sources */,
				08668C5C27AC72B900117B51 /* Frameworks */,
				08668C5D27AC72B900117B51 /* Resources */,
			);
			buildRules = (
			);
			dependencies = (
			);
			name = "Spain Clock WatchKit Extension";
			productName = "Spain Clock WatchKit Extension";
			productReference = 08668C5F27AC72B900117B51 /* Spain Clock WatchKit Extension.appex */;
			productType = "com.apple.product-type.watchkit2-extension";
		};
/* End PBXNativeTarget section */

/* Begin PBXProject section */
		08668C4627AC72B300117B51 /* Project object */ = {
			isa = PBXProject;
			attributes = {
				LastSwiftUpdateCheck = 1130;
				LastUpgradeCheck = 1130;
				ORGANIZATIONNAME = "Mateo Pidal";
				TargetAttributes = {
					08668C4B27AC72B400117B51 = {
						CreatedOnToolsVersion = 11.3.1;
					};
					08668C4F27AC72B400117B51 = {
						CreatedOnToolsVersion = 11.3.1;
					};
					08668C5E27AC72B900117B51 = {
						CreatedOnToolsVersion = 11.3.1;
					};
				};
			};
			buildConfigurationList = 08668C4927AC72B300117B51 /* Build configuration list for PBXProject "Spain Clock" */;
			compatibilityVersion = "Xcode 9.3";
			developmentRegion = en;
			hasScannedForEncodings = 0;
			knownRegions = (
				en,
				Base,
			);
			mainGroup = 08668C4527AC72B300117B51;
			productRefGroup = 08668C4D27AC72B400117B51 /* Products */;
			projectDirPath = "";
			projectRoot = "";
			targets = (
				08668C4B27AC72B400117B51 /* Spain Clock */,
				08668C4F27AC72B400117B51 /* Spain Clock WatchKit App */,
				08668C5E27AC72B900117B51 /* Spain Clock WatchKit Extension */,
			);
		};
/* End PBXProject section */

/* Begin PBXResourcesBuildPhase section */
		08668C4A27AC72B400117B51 /* Resources */ = {
			isa = PBXResourcesBuildPhase;
			buildActionMask = 2147483647;
			files = (
			);
			runOnlyForDeploymentPostprocessing = 0;
		};
		08668C4E27AC72B400117B51 /* Resources */ = {
			isa = PBXResourcesBuildPhase;
			buildActionMask = 2147483647;
			files = (
				08668C5927AC72B900117B51 /* Assets.xcassets in Resources */,
				08668C5727AC72B400117B51 /* Interface.storyboard in Resources */,
			);
			runOnlyForDeploymentPostprocessing = 0;
		};
		08668C5D27AC72B900117B51 /* Resources */ = {
			isa = PBXResourcesBuildPhase;
			buildActionMask = 2147483647;
			files = (
				08668C6927AC72BB00117B51 /* Assets.xcassets in Resources */,
			);
			runOnlyForDeploymentPostprocessing = 0;
		};
/* End PBXResourcesBuildPhase section */

/* Begin PBXSourcesBuildPhase section */
		08668C5B27AC72B900117B51 /* Sources */ = {
			isa = PBXSourcesBuildPhase;
			buildActionMask = 2147483647;
			files = (
				08668C6727AC72B900117B51 /* ExtensionDelegate.swift in Sources */,
				08668C6527AC72B900117B51 /* InterfaceController.swift in Sources */,
			);
			runOnlyForDeploymentPostprocessing = 0;
		};
/* End PBXSourcesBuildPhase section */

/* Begin PBXTargetDependency section */
		08668C5327AC72B400117B51 /* PBXTargetDependency */ = {
			isa = PBXTargetDependency;
			target = 08668C4F27AC72B400117B51 /* Spain Clock WatchKit App */;
			targetProxy = 08668C5227AC72B400117B51 /* PBXContainerItemProxy */;
		};
		08668C6227AC72B900117B51 /* PBXTargetDependency */ = {
			isa = PBXTargetDependency;
			target = 08668C5E27AC72B900117B51 /* Spain Clock WatchKit Extension */;
			targetProxy = 08668C6127AC72B900117B51 /* PBXContainerItemProxy */;
		};
/* End PBXTargetDependency section */

/* Begin PBXVariantGroup section */
		08668C5527AC72B400117B51 /* Interface.storyboard */ = {
			isa = PBXVariantGroup;
			children = (
				08668C5627AC72B400117B51 /* Base */,
			);
			name = Interface.storyboard;
			sourceTree = "<group>";
		};
/* End PBXVariantGroup section */

/* Begin XCBuildConfiguration section */
		08668C6B27AC72BB00117B51 /* Debug */ = {
			isa = XCBuildConfiguration;
			buildSettings = {
				ALWAYS_SEARCH_USER_PATHS = NO;
				CLANG_ANALYZER_NONNULL = YES;
				CLANG_ANALYZER_NUMBER_OBJECT_CONVERSION = YES_AGGRESSIVE;
				CLANG_CXX_LANGUAGE_STANDARD = "gnu++14";
				CLANG_CXX_LIBRARY = "libc++";
				CLANG_ENABLE_MODULES = YES;
				CLANG_ENABLE_OBJC_ARC = YES;
				CLANG_ENABLE_OBJC_WEAK = YES;
				CLANG_WARN_BLOCK_CAPTURE_AUTORELEASING = YES;
				CLANG_WARN_BOOL_CONVERSION = YES;
				CLANG_WARN_COMMA = YES;
				CLANG_WARN_CONSTANT_CONVERSION = YES;
				CLANG_WARN_DEPRECATED_OBJC_IMPLEMENTATIONS = YES;
				CLANG_WARN_DIRECT_OBJC_ISA_USAGE = YES_ERROR;
				CLANG_WARN_DOCUMENTATION_COMMENTS = YES;
				CLANG_WARN_EMPTY_BODY = YES;
				CLANG_WARN_ENUM_CONVERSION = YES;
				CLANG_WARN_INFINITE_RECURSION = YES;
				CLANG_WARN_INT_CONVERSION = YES;
				CLANG_WARN_NON_LITERAL_NULL_CONVERSION = YES;
				CLANG_WARN_OBJC_IMPLICIT_RETAIN_SELF = YES;
				CLANG_WARN_OBJC_LITERAL_CONVERSION = YES;
				CLANG_WARN_OBJC_ROOT_CLASS = YES_ERROR;
				CLANG_WARN_RANGE_LOOP_ANALYSIS = YES;
				CLANG_WARN_STRICT_PROTOTYPES = YES;
				CLANG_WARN_SUSPICIOUS_MOVE = YES;
				CLANG_WARN_UNGUARDED_AVAILABILITY = YES_AGGRESSIVE;
				CLANG_WARN_UNREACHABLE_CODE = YES;
				CLANG_WARN__DUPLICATE_METHOD_MATCH = YES;
				COPY_PHASE_STRIP = NO;
				DEBUG_INFORMATION_FORMAT = dwarf;
				ENABLE_STRICT_OBJC_MSGSEND = YES;
				ENABLE_TESTABILITY = YES;
				GCC_C_LANGUAGE_STANDARD = gnu11;
				GCC_DYNAMIC_NO_PIC = NO;
				GCC_NO_COMMON_BLOCKS = YES;
				GCC_OPTIMIZATION_LEVEL = 0;
				GCC_PREPROCESSOR_DEFINITIONS = (
					"DEBUG=1",
					"$(inherited)",
				);
				GCC_WARN_64_TO_32_BIT_CONVERSION = YES;
				GCC_WARN_ABOUT_RETURN_TYPE = YES_ERROR;
				GCC_WARN_UNDECLARED_SELECTOR = YES;
				GCC_WARN_UNINITIALIZED_AUTOS = YES_AGGRESSIVE;
				GCC_WARN_UNUSED_FUNCTION = YES;
				GCC_WARN_UNUSED_VARIABLE = YES;
				MTL_ENABLE_DEBUG_INFO = INCLUDE_SOURCE;
				MTL_FAST_MATH = YES;
				ONLY_ACTIVE_ARCH = YES;
				SDKROOT = iphoneos;
				SWIFT_ACTIVE_COMPILATION_CONDITIONS = DEBUG;
				SWIFT_OPTIMIZATION_LEVEL = "-Onone";
			};
			name = Debug;
		};
		08668C6C27AC72BB00117B51 /* Release */ = {
			isa = XCBuildConfiguration;
			buildSettings = {
				ALWAYS_SEARCH_USER_PATHS = NO;
				CLANG_ANALYZER_NONNULL = YES;
				CLANG_ANALYZER_NUMBER_OBJECT_CONVERSION = YES_AGGRESSIVE;
				CLANG_CXX_LANGUAGE_STANDARD = "gnu++14";
				CLANG_CXX_LIBRARY = "libc++";
				CLANG_ENABLE_MODULES = YES;
				CLANG_ENABLE_OBJC_ARC = YES;
				CLANG_ENABLE_OBJC_WEAK = YES;
				CLANG_WARN_BLOCK_CAPTURE_AUTORELEASING = YES;
				CLANG_WARN_BOOL_CONVERSION = YES;
				CLANG_WARN_COMMA = YES;
				CLANG_WARN_CONSTANT_CONVERSION = YES;
				CLANG_WARN_DEPRECATED_OBJC_IMPLEMENTATIONS = YES;
				CLANG_WARN_DIRECT_OBJC_ISA_USAGE = YES_ERROR;
				CLANG_WARN_DOCUMENTATION_COMMENTS = YES;
				CLANG_WARN_EMPTY_BODY = YES;
				CLANG_WARN_ENUM_CONVERSION = YES;
				CLANG_WARN_INFINITE_RECURSION = YES;
				CLANG_WARN_INT_CONVERSION = YES;
				CLANG_WARN_NON_LITERAL_NULL_CONVERSION = YES;
				CLANG_WARN_OBJC_IMPLICIT_RETAIN_SELF = YES;
				CLANG_WARN_OBJC_LITERAL_CONVERSION = YES;
				CLANG_WARN_OBJC_ROOT_CLASS = YES_ERROR;
				CLANG_WARN_RANGE_LOOP_ANALYSIS = YES;
				CLANG_WARN_STRICT_PROTOTYPES = YES;
				CLANG_WARN_SUSPICIOUS_MOVE = YES;
				CLANG_WARN_UNGUARDED_AVAILABILITY = YES_AGGRESSIVE;
				CLANG_WARN_UNREACHABLE_CODE = YES;
				CLANG_WARN__DUPLICATE_METHOD_MATCH = YES;
				COPY_PHASE_STRIP = NO;
				DEBUG_INFORMATION_FORMAT = "dwarf-with-dsym";
				ENABLE_NS_ASSERTIONS = NO;
				ENABLE_STRICT_OBJC_MSGSEND = YES;
				GCC_C_LANGUAGE_STANDARD = gnu11;
				GCC_NO_COMMON_BLOCKS = YES;
				GCC_WARN_64_TO_32_BIT_CONVERSION = YES;
				GCC_WARN_ABOUT_RETURN_TYPE = YES_ERROR;
				GCC_WARN_UNDECLARED_SELECTOR = YES;
				GCC_WARN_UNINITIALIZED_AUTOS = YES_AGGRESSIVE;
				GCC_WARN_UNUSED_FUNCTION = YES;
				GCC_WARN_UNUSED_VARIABLE = YES;
				MTL_ENABLE_DEBUG_INFO = NO;
				MTL_FAST_MATH = YES;
				SDKROOT = iphoneos;
				SWIFT_COMPILATION_MODE = wholemodule;
				SWIFT_OPTIMIZATION_LEVEL = "-O";
				VALIDATE_PRODUCT = YES;
			};
			name = Release;
		};
		08668C6E27AC72BB00117B51 /* Debug */ = {
			isa = XCBuildConfiguration;
			buildSettings = {
				ASSETCATALOG_COMPILER_COMPLICATION_NAME = Complication;
				CODE_SIGN_STYLE = Automatic;
				INFOPLIST_FILE = "Spain Clock WatchKit Extension/Info.plist";
				LD_RUNPATH_SEARCH_PATHS = (
					"$(inherited)",
					"@executable_path/Frameworks",
					"@executable_path/../../Frameworks",
				);
				PRODUCT_BUNDLE_IDENTIFIER = "com.pidal.mateo.Spain-Clock.watchkitapp.watchkitextension";
				PRODUCT_NAME = "${TARGET_NAME}";
				SDKROOT = watchos;
				SKIP_INSTALL = YES;
				SWIFT_VERSION = 5.0;
				TARGETED_DEVICE_FAMILY = 4;
				WATCHOS_DEPLOYMENT_TARGET = 6.1;
			};
			name = Debug;
		};
		08668C6F27AC72BB00117B51 /* Release */ = {
			isa = XCBuildConfiguration;
			buildSettings = {
				ASSETCATALOG_COMPILER_COMPLICATION_NAME = Complication;
				CODE_SIGN_STYLE = Automatic;
				INFOPLIST_FILE = "Spain Clock WatchKit Extension/Info.plist";
				LD_RUNPATH_SEARCH_PATHS = (
					"$(inherited)",
					"@executable_path/Frameworks",
					"@executable_path/../../Frameworks",
				);
				PRODUCT_BUNDLE_IDENTIFIER = "com.pidal.mateo.Spain-Clock.watchkitapp.watchkitextension";
				PRODUCT_NAME = "${TARGET_NAME}";
				SDKROOT = watchos;
				SKIP_INSTALL = YES;
				SWIFT_VERSION = 5.0;
				TARGETED_DEVICE_FAMILY = 4;
				WATCHOS_DEPLOYMENT_TARGET = 6.1;
			};
			name = Release;
		};
		08668C7227AC72BB00117B51 /* Debug */ = {
			isa = XCBuildConfiguration;
			buildSettings = {
				ALWAYS_EMBED_SWIFT_STANDARD_LIBRARIES = YES;
				ASSETCATALOG_COMPILER_APPICON_NAME = AppIcon;
				CODE_SIGN_STYLE = Automatic;
				IBSC_MODULE = Spain_Clock_WatchKit_Extension;
				INFOPLIST_FILE = "Spain Clock WatchKit App/Info.plist";
				PRODUCT_BUNDLE_IDENTIFIER = "com.pidal.mateo.Spain-Clock.watchkitapp";
				PRODUCT_NAME = "$(TARGET_NAME)";
				SDKROOT = watchos;
				SKIP_INSTALL = YES;
				SWIFT_VERSION = 5.0;
				TARGETED_DEVICE_FAMILY = 4;
				WATCHOS_DEPLOYMENT_TARGET = 6.1;
			};
			name = Debug;
		};
		08668C7327AC72BB00117B51 /* Release */ = {
			isa = XCBuildConfiguration;
			buildSettings = {
				ALWAYS_EMBED_SWIFT_STANDARD_LIBRARIES = YES;
				ASSETCATALOG_COMPILER_APPICON_NAME = AppIcon;
				CODE_SIGN_STYLE = Automatic;
				IBSC_MODULE = Spain_Clock_WatchKit_Extension;
				INFOPLIST_FILE = "Spain Clock WatchKit App/Info.plist";
				PRODUCT_BUNDLE_IDENTIFIER = "com.pidal.mateo.Spain-Clock.watchkitapp";
				PRODUCT_NAME = "$(TARGET_NAME)";
				SDKROOT = watchos;
				SKIP_INSTALL = YES;
				SWIFT_VERSION = 5.0;
				TARGETED_DEVICE_FAMILY = 4;
				WATCHOS_DEPLOYMENT_TARGET = 6.1;
			};
			name = Release;
		};
		08668C7627AC72BB00117B51 /* Debug */ = {
			isa = XCBuildConfiguration;
			buildSettings = {
				CODE_SIGN_STYLE = Automatic;
				CURRENT_PROJECT_VERSION = 1;
				MARKETING_VERSION = 1.0;
				PRODUCT_BUNDLE_IDENTIFIER = "com.pidal.mateo.Spain-Clock";
				PRODUCT_NAME = "$(TARGET_NAME)";
				SWIFT_VERSION = 5.0;
			};
			name = Debug;
		};
		08668C7727AC72BB00117B51 /* Release */ = {
			isa = XCBuildConfiguration;
			buildSettings = {
				CODE_SIGN_STYLE = Automatic;
				CURRENT_PROJECT_VERSION = 1;
				MARKETING_VERSION = 1.0;
				PRODUCT_BUNDLE_IDENTIFIER = "com.pidal.mateo.Spain-Clock";
				PRODUCT_NAME = "$(TARGET_NAME)";
				SWIFT_VERSION = 5.0;
			};
			name = Release;
		};
/* End XCBuildConfiguration section */

/* Begin XCConfigurationList section */
		08668C4927AC72B300117B51 /* Build configuration list for PBXProject "Spain Clock" */ = {
			isa = XCConfigurationList;
			buildConfigurations = (
				08668C6B27AC72BB00117B51 /* Debug */,
				08668C6C27AC72BB00117B51 /* Release */,
			);
			defaultConfigurationIsVisible = 0;
			defaultConfigurationName = Release;
		};
		08668C6D27AC72BB00117B51 /* Build configuration list for PBXNativeTarget "Spain Clock WatchKit Extension" */ = {
			isa = XCConfigurationList;
			buildConfigurations = (
				08668C6E27AC72BB00117B51 /* Debug */,
				08668C6F27AC72BB00117B51 /* Release */,
			);
			defaultConfigurationIsVisible = 0;
			defaultConfigurationName = Release;
		};
		08668C7127AC72BB00117B51 /* Build configuration list for PBXNativeTarget "Spain Clock WatchKit App" */ = {
			isa = XCConfigurationList;
			buildConfigurations = (
				08668C7227AC72BB00117B51 /* Debug */,
				08668C7327AC72BB00117B51 /* Release */,
			);
			defaultConfigurationIsVisible = 0;
			defaultConfigurationName = Release;
		};
		08668C7527AC72BB00117B51 /* Build configuration list for PBXNativeTarget "Spain Clock" */ = {
			isa = XCConfigurationList;
			buildConfigurations = (
				08668C7627AC72BB00117B51 /* Debug */,
				08668C7727AC72BB00117B51 /* Release */,
			);
			defaultConfigurationIsVisible = 0;
			defaultConfigurationName = Release;
		};
/* End XCConfigurationList section */
	};
	rootObject = 08668C4627AC72B300117B51 /* Project object */;
}
